
Microsoft Visual Studio Solution File, Format Version 12.00
# Visual Studio 15
VisualStudioVersion = 15.0.26730.12
MinimumVisualStudioVersion = 10.0.40219.1
Project("{2150E333-8FDC-42A3-9474-1A3956D46DE8}") = "Engine", "Engine", "{C538D00B-A5D3-485D-B1EF-C02F0353AEFE}"
EndProject
Project("{2150E333-8FDC-42A3-9474-1A3956D46DE8}") = "Games", "Games", "{333E4A86-CFB8-431B-83CD-E8DD32824489}"
EndProject
Project("{8BC9CEB8-8B4A-11D0-8D11-00A0C91BC942}") = "UE4", "Intermediate\ProjectFiles\UE4.vcxproj", "{52F92E02-3D55-408D-AC86-D051BB5901DB}"
EndProject
Project("{8BC9CEB8-8B4A-11D0-8D11-00A0C91BC942}") = "BuildingEscape", "Intermediate\ProjectFiles\BuildingEscape.vcxproj", "{D8F6BDE7-C511-4D6B-8CBA-B41D9A263C9E}"
EndProject
Global
	GlobalSection(SolutionConfigurationPlatforms) = preSolution
		DebugGame Editor|HTML5 = DebugGame Editor|HTML5
		DebugGame Editor|Win32 = DebugGame Editor|Win32
		DebugGame Editor|Win64 = DebugGame Editor|Win64
		DebugGame|HTML5 = DebugGame|HTML5
		DebugGame|Win32 = DebugGame|Win32
		DebugGame|Win64 = DebugGame|Win64
		Development Editor|HTML5 = Development Editor|HTML5
		Development Editor|Win32 = Development Editor|Win32
		Development Editor|Win64 = Development Editor|Win64
		Development|HTML5 = Development|HTML5
		Development|Win32 = Development|Win32
		Development|Win64 = Development|Win64
		Shipping|HTML5 = Shipping|HTML5
		Shipping|Win32 = Shipping|Win32
		Shipping|Win64 = Shipping|Win64
	EndGlobalSection
	GlobalSection(ProjectConfigurationPlatforms) = postSolution
		{52F92E02-3D55-408D-AC86-D051BB5901DB}.DebugGame Editor|HTML5.ActiveCfg = BuiltWithUnrealBuildTool|Win32
		{52F92E02-3D55-408D-AC86-D051BB5901DB}.DebugGame Editor|HTML5.Build.0 = BuiltWithUnrealBuildTool|Win32
		{52F92E02-3D55-408D-AC86-D051BB5901DB}.DebugGame Editor|Win32.ActiveCfg = BuiltWithUnrealBuildTool|Win32
		{52F92E02-3D55-408D-AC86-D051BB5901DB}.DebugGame Editor|Win32.Build.0 = BuiltWithUnrealBuildTool|Win32
		{52F92E02-3D55-408D-AC86-D051BB5901DB}.DebugGame Editor|Win64.ActiveCfg = BuiltWithUnrealBuildTool|Win32
		{52F92E02-3D55-408D-AC86-D051BB5901DB}.DebugGame Editor|Win64.Build.0 = BuiltWithUnrealBuildTool|Win32
		{52F92E02-3D55-408D-AC86-D051BB5901DB}.DebugGame|HTML5.ActiveCfg = BuiltWithUnrealBuildTool|Win32
		{52F92E02-3D55-408D-AC86-D051BB5901DB}.DebugGame|HTML5.Build.0 = BuiltWithUnrealBuildTool|Win32
		{52F92E02-3D55-408D-AC86-D051BB5901DB}.DebugGame|Win32.ActiveCfg = BuiltWithUnrealBuildTool|Win32
		{52F92E02-3D55-408D-AC86-D051BB5901DB}.DebugGame|Win32.Build.0 = BuiltWithUnrealBuildTool|Win32
		{52F92E02-3D55-408D-AC86-D051BB5901DB}.DebugGame|Win64.ActiveCfg = BuiltWithUnrealBuildTool|Win32
		{52F92E02-3D55-408D-AC86-D051BB5901DB}.DebugGame|Win64.Build.0 = BuiltWithUnrealBuildTool|Win32
		{52F92E02-3D55-408D-AC86-D051BB5901DB}.Development Editor|HTML5.ActiveCfg = BuiltWithUnrealBuildTool|Win32
		{52F92E02-3D55-408D-AC86-D051BB5901DB}.Development Editor|HTML5.Build.0 = BuiltWithUnrealBuildTool|Win32
		{52F92E02-3D55-408D-AC86-D051BB5901DB}.Development Editor|Win32.ActiveCfg = BuiltWithUnrealBuildTool|Win32
		{52F92E02-3D55-408D-AC86-D051BB5901DB}.Development Editor|Win32.Build.0 = BuiltWithUnrealBuildTool|Win32
		{52F92E02-3D55-408D-AC86-D051BB5901DB}.Development Editor|Win64.ActiveCfg = BuiltWithUnrealBuildTool|Win32
		{52F92E02-3D55-408D-AC86-D051BB5901DB}.Development Editor|Win64.Build.0 = BuiltWithUnrealBuildTool|Win32
		{52F92E02-3D55-408D-AC86-D051BB5901DB}.Development|HTML5.ActiveCfg = BuiltWithUnrealBuildTool|Win32
		{52F92E02-3D55-408D-AC86-D051BB5901DB}.Development|HTML5.Build.0 = BuiltWithUnrealBuildTool|Win32
		{52F92E02-3D55-408D-AC86-D051BB5901DB}.Development|Win32.ActiveCfg = BuiltWithUnrealBuildTool|Win32
		{52F92E02-3D55-408D-AC86-D051BB5901DB}.Development|Win32.Build.0 = BuiltWithUnrealBuildTool|Win32
		{52F92E02-3D55-408D-AC86-D051BB5901DB}.Development|Win64.ActiveCfg = BuiltWithUnrealBuildTool|Win32
		{52F92E02-3D55-408D-AC86-D051BB5901DB}.Development|Win64.Build.0 = BuiltWithUnrealBuildTool|Win32
		{52F92E02-3D55-408D-AC86-D051BB5901DB}.Shipping|HTML5.ActiveCfg = BuiltWithUnrealBuildTool|Win32
		{52F92E02-3D55-408D-AC86-D051BB5901DB}.Shipping|HTML5.Build.0 = BuiltWithUnrealBuildTool|Win32
		{52F92E02-3D55-408D-AC86-D051BB5901DB}.Shipping|Win32.ActiveCfg = BuiltWithUnrealBuildTool|Win32
		{52F92E02-3D55-408D-AC86-D051BB5901DB}.Shipping|Win32.Build.0 = BuiltWithUnrealBuildTool|Win32
		{52F92E02-3D55-408D-AC86-D051BB5901DB}.Shipping|Win64.ActiveCfg = BuiltWithUnrealBuildTool|Win32
		{52F92E02-3D55-408D-AC86-D051BB5901DB}.Shipping|Win64.Build.0 = BuiltWithUnrealBuildTool|Win32
		{D8F6BDE7-C511-4D6B-8CBA-B41D9A263C9E}.DebugGame Editor|HTML5.ActiveCfg = HTML5_DebugGame_Editor|Win32
		{D8F6BDE7-C511-4D6B-8CBA-B41D9A263C9E}.DebugGame Editor|Win32.ActiveCfg = DebugGame_Editor|Win32
		{D8F6BDE7-C511-4D6B-8CBA-B41D9A263C9E}.DebugGame Editor|Win64.ActiveCfg = DebugGame_Editor|x64
		{D8F6BDE7-C511-4D6B-8CBA-B41D9A263C9E}.DebugGame Editor|Win64.Build.0 = DebugGame_Editor|x64
		{D8F6BDE7-C511-4D6B-8CBA-B41D9A263C9E}.DebugGame|HTML5.ActiveCfg = HTML5_DebugGame_Game|Win32
		{D8F6BDE7-C511-4D6B-8CBA-B41D9A263C9E}.DebugGame|HTML5.Build.0 = HTML5_DebugGame_Game|Win32
		{D8F6BDE7-C511-4D6B-8CBA-B41D9A263C9E}.DebugGame|Win32.ActiveCfg = DebugGame_Game|Win32
		{D8F6BDE7-C511-4D6B-8CBA-B41D9A263C9E}.DebugGame|Win32.Build.0 = DebugGame_Game|Win32
		{D8F6BDE7-C511-4D6B-8CBA-B41D9A263C9E}.DebugGame|Win64.ActiveCfg = DebugGame_Game|x64
		{D8F6BDE7-C511-4D6B-8CBA-B41D9A263C9E}.DebugGame|Win64.Build.0 = DebugGame_Game|x64
		{D8F6BDE7-C511-4D6B-8CBA-B41D9A263C9E}.Development Editor|HTML5.ActiveCfg = HTML5_Development_Editor|Win32
		{D8F6BDE7-C511-4D6B-8CBA-B41D9A263C9E}.Development Editor|Win32.ActiveCfg = Development_Editor|Win32
		{D8F6BDE7-C511-4D6B-8CBA-B41D9A263C9E}.Development Editor|Win64.ActiveCfg = Development_Editor|x64
		{D8F6BDE7-C511-4D6B-8CBA-B41D9A263C9E}.Development Editor|Win64.Build.0 = Development_Editor|x64
		{D8F6BDE7-C511-4D6B-8CBA-B41D9A263C9E}.Development|HTML5.ActiveCfg = HTML5_Development_Game|Win32
		{D8F6BDE7-C511-4D6B-8CBA-B41D9A263C9E}.Development|HTML5.Build.0 = HTML5_Development_Game|Win32
		{D8F6BDE7-C511-4D6B-8CBA-B41D9A263C9E}.Development|Win32.ActiveCfg = Development_Game|Win32
		{D8F6BDE7-C511-4D6B-8CBA-B41D9A263C9E}.Development|Win32.Build.0 = Development_Game|Win32
		{D8F6BDE7-C511-4D6B-8CBA-B41D9A263C9E}.Development|Win64.ActiveCfg = Development_Game|x64
		{D8F6BDE7-C511-4D6B-8CBA-B41D9A263C9E}.Development|Win64.Build.0 = Development_Game|x64
		{D8F6BDE7-C511-4D6B-8CBA-B41D9A263C9E}.Shipping|HTML5.ActiveCfg = HTML5_Shipping_Game|Win32
		{D8F6BDE7-C511-4D6B-8CBA-B41D9A263C9E}.Shipping|HTML5.Build.0 = HTML5_Shipping_Game|Win32
		{D8F6BDE7-C511-4D6B-8CBA-B41D9A263C9E}.Shipping|Win32.ActiveCfg = Shipping_Game|Win32
		{D8F6BDE7-C511-4D6B-8CBA-B41D9A263C9E}.Shipping|Win32.Build.0 = Shipping_Game|Win32
		{D8F6BDE7-C511-4D6B-8CBA-B41D9A263C9E}.Shipping|Win64.ActiveCfg = Shipping_Game|x64
		{D8F6BDE7-C511-4D6B-8CBA-B41D9A263C9E}.Shipping|Win64.Build.0 = Shipping_Game|x64
	EndGlobalSection
	GlobalSection(SolutionProperties) = preSolution
		HideSolutionNode = FALSE
	EndGlobalSection
	GlobalSection(NestedProjects) = preSolution
		{52F92E02-3D55-408D-AC86-D051BB5901DB} = {C538D00B-A5D3-485D-B1EF-C02F0353AEFE}
		{D8F6BDE7-C511-4D6B-8CBA-B41D9A263C9E} = {333E4A86-CFB8-431B-83CD-E8DD32824489}
	EndGlobalSection
	GlobalSection(ExtensibilityGlobals) = postSolution
		SolutionGuid = {93091D87-B35B-4CD7-9D9F-60FFDA8C4C9F}
	EndGlobalSection
EndGlobal
